// !$*UTF8*$!
{
	archiveVersion = 1;
	classes = {
	};
	objectVersion = 48;
	objects = {

/* Begin PBXBuildFile section */
		A3221F0D1F1C4D9700B7E964 /* AppDelegate.swift in Sources */ = {isa = PBXBuildFile; fileRef = A3221F0C1F1C4D9700B7E964 /* AppDelegate.swift */; };
		A3221F0F1F1C4D9700B7E964 /* art.scnassets in Resources */ = {isa = PBXBuildFile; fileRef = A3221F0E1F1C4D9700B7E964 /* art.scnassets */; };
		A3221F111F1C4D9700B7E964 /* ViewController.swift in Sources */ = {isa = PBXBuildFile; fileRef = A3221F101F1C4D9700B7E964 /* ViewController.swift */; };
		A3221F141F1C4D9700B7E964 /* Main.storyboard in Resources */ = {isa = PBXBuildFile; fileRef = A3221F121F1C4D9700B7E964 /* Main.storyboard */; };
		A3221F161F1C4D9700B7E964 /* Assets.xcassets in Resources */ = {isa = PBXBuildFile; fileRef = A3221F151F1C4D9700B7E964 /* Assets.xcassets */; };
		A3221F191F1C4D9700B7E964 /* LaunchScreen.storyboard in Resources */ = {isa = PBXBuildFile; fileRef = A3221F171F1C4D9700B7E964 /* LaunchScreen.storyboard */; };
/* End PBXBuildFile section */

/* Begin PBXFileReference section */
		A3221F091F1C4D9700B7E964 /* AR-Test.app */ = {isa = PBXFileReference; explicitFileType = wrapper.application; includeInIndex = 0; path = "AR-Test.app"; sourceTree = BUILT_PRODUCTS_DIR; };
		A3221F0C1F1C4D9700B7E964 /* AppDelegate.swift */ = {isa = PBXFileReference; lastKnownFileType = sourcecode.swift; path = AppDelegate.swift; sourceTree = "<group>"; };
		A3221F0E1F1C4D9700B7E964 /* art.scnassets */ = {isa = PBXFileReference; lastKnownFileType = wrapper.scnassets; path = art.scnassets; sourceTree = "<group>"; };
		A3221F101F1C4D9700B7E964 /* ViewController.swift */ = {isa = PBXFileReference; lastKnownFileType = sourcecode.swift; path = ViewController.swift; sourceTree = "<group>"; };
		A3221F131F1C4D9700B7E964 /* Base */ = {isa = PBXFileReference; lastKnownFileType = file.storyboard; name = Base; path = Base.lproj/Main.storyboard; sourceTree = "<group>"; };
		A3221F151F1C4D9700B7E964 /* Assets.xcassets */ = {isa = PBXFileReference; lastKnownFileType = folder.assetcatalog; path = Assets.xcassets; sourceTree = "<group>"; };
		A3221F181F1C4D9700B7E964 /* Base */ = {isa = PBXFileReference; lastKnownFileType = file.storyboard; name = Base; path = Base.lproj/LaunchScreen.storyboard; sourceTree = "<group>"; };
		A3221F1A1F1C4D9700B7E964 /* Info.plist */ = {isa = PBXFileReference; lastKnownFileType = text.plist.xml; path = Info.plist; sourceTree = "<group>"; };
/* End PBXFileReference section */

/* Begin PBXFrameworksBuildPhase section */
		A3221F061F1C4D9700B7E964 /* Frameworks */ = {
			isa = PBXFrameworksBuildPhase;
			buildActionMask = 2147483647;
			files = (
			);
			runOnlyForDeploymentPostprocessing = 0;
		};
/* End PBXFrameworksBuildPhase section */

/* Begin PBXGroup section */
		A3221F001F1C4D9700B7E964 = {
			isa = PBXGroup;
			children = (
				A3221F0B1F1C4D9700B7E964 /* AR-Test */,
				A3221F0A1F1C4D9700B7E964 /* Products */,
			);
			sourceTree = "<group>";
		};
		A3221F0A1F1C4D9700B7E964 /* Products */ = {
			isa = PBXGroup;
			children = (
				A3221F091F1C4D9700B7E964 /* AR-Test.app */,
			);
			name = Products;
			sourceTree = "<group>";
		};
		A3221F0B1F1C4D9700B7E964 /* AR-Test */ = {
			isa = PBXGroup;
			children = (
				A3221F0C1F1C4D9700B7E964 /* AppDelegate.swift */,
				A3221F101F1C4D9700B7E964 /* ViewController.swift */,
				A3221F121F1C4D9700B7E964 /* Main.storyboard */,
				A3221F0E1F1C4D9700B7E964 /* art.scnassets */,
				A3221F151F1C4D9700B7E964 /* Assets.xcassets */,
				A3221F171F1C4D9700B7E964 /* LaunchScreen.storyboard */,
				A3221F1A1F1C4D9700B7E964 /* Info.plist */,
			);
			path = "AR-Test";
			sourceTree = "<group>";
		};
/* End PBXGroup section */

/* Begin PBXNativeTarget section */
		A3221F081F1C4D9700B7E964 /* AR-Test */ = {
			isa = PBXNativeTarget;
			buildConfigurationList = A3221F1D1F1C4D9700B7E964 /* Build configuration list for PBXNativeTarget "AR-Test" */;
			buildPhases = (
				A3221F051F1C4D9700B7E964 /* Sources */,
				A3221F061F1C4D9700B7E964 /* Frameworks */,
				A3221F071F1C4D9700B7E964 /* Resources */,
			);
			buildRules = (
			);
			dependencies = (
			);
			name = "AR-Test";
			productName = "AR-Test";
			productReference = A3221F091F1C4D9700B7E964 /* AR-Test.app */;
			productType = "com.apple.product-type.application";
		};
/* End PBXNativeTarget section */

/* Begin PBXProject section */
		A3221F011F1C4D9700B7E964 /* Project object */ = {
			isa = PBXProject;
			attributes = {
				LastSwiftUpdateCheck = 0900;
				LastUpgradeCheck = 0900;
				ORGANIZATIONNAME = "Devika Maharaj";
				TargetAttributes = {
					A3221F081F1C4D9700B7E964 = {
						CreatedOnToolsVersion = 9.0;
					};
				};
			};
			buildConfigurationList = A3221F041F1C4D9700B7E964 /* Build configuration list for PBXProject "AR-Test" */;
			compatibilityVersion = "Xcode 8.0";
			developmentRegion = en;
			hasScannedForEncodings = 0;
			knownRegions = (
				en,
				Base,
			);
			mainGroup = A3221F001F1C4D9700B7E964;
			productRefGroup = A3221F0A1F1C4D9700B7E964 /* Products */;
			projectDirPath = "";
			projectRoot = "";
			targets = (
				A3221F081F1C4D9700B7E964 /* AR-Test */,
			);
		};
/* End PBXProject section */

/* Begin PBXResourcesBuildPhase section */
		A3221F071F1C4D9700B7E964 /* Resources */ = {
			isa = PBXResourcesBuildPhase;
			buildActionMask = 2147483647;
			files = (
				A3221F0F1F1C4D9700B7E964 /* art.scnassets in Resources */,
				A3221F191F1C4D9700B7E964 /* LaunchScreen.storyboard in Resources */,
				A3221F161F1C4D9700B7E964 /* Assets.xcassets in Resources */,
				A3221F141F1C4D9700B7E964 /* Main.storyboard in Resources */,
			);
			runOnlyForDeploymentPostprocessing = 0;
		};
/* End PBXResourcesBuildPhase section */

/* Begin PBXSourcesBuildPhase section */
		A3221F051F1C4D9700B7E964 /* Sources */ = {
			isa = PBXSourcesBuildPhase;
			buildActionMask = 2147483647;
			files = (
				A3221F111F1C4D9700B7E964 /* ViewController.swift in Sources */,
				A3221F0D1F1C4D9700B7E964 /* AppDelegate.swift in Sources */,
			);
			runOnlyForDeploymentPostprocessing = 0;
		};
/* End PBXSourcesBuildPhase section */

/* Begin PBXVariantGroup section */
		A3221F121F1C4D9700B7E964 /* Main.storyboard */ = {
			isa = PBXVariantGroup;
			children = (
				A3221F131F1C4D9700B7E964 /* Base */,
			);
			name = Main.storyboard;
			sourceTree = "<group>";
		};
		A3221F171F1C4D9700B7E964 /* LaunchScreen.storyboard */ = {
			isa = PBXVariantGroup;
			children = (
				A3221F181F1C4D9700B7E964 /* Base */,
			);
			name = LaunchScreen.storyboard;
			sourceTree = "<group>";
		};
/* End PBXVariantGroup section */

/* Begin XCBuildConfiguration section */
		A3221F1B1F1C4D9700B7E964 /* Debug */ = {
			isa = XCBuildConfiguration;
			buildSettings = {
				ALWAYS_SEARCH_USER_PATHS = NO;
				CLANG_ANALYZER_NONNULL = YES;
				CLANG_ANALYZER_NUMBER_OBJECT_CONVERSION = YES_AGGRESSIVE;
				CLANG_CXX_LANGUAGE_STANDARD = "gnu++14";
				CLANG_CXX_LIBRARY = "libc++";
				CLANG_ENABLE_MODULES = YES;
				CLANG_ENABLE_OBJC_ARC = YES;
				CLANG_WARN_BLOCK_CAPTURE_AUTORELEASING = YES;
				CLANG_WARN_BOOL_CONVERSION = YES;
				CLANG_WARN_COMMA = YES;
				CLANG_WARN_CONSTANT_CONVERSION = YES;
				CLANG_WARN_DIRECT_OBJC_ISA_USAGE = YES_ERROR;
				CLANG_WARN_DOCUMENTATION_COMMENTS = YES;
				CLANG_WARN_EMPTY_BODY = YES;
				CLANG_WARN_ENUM_CONVERSION = YES;
				CLANG_WARN_INFINITE_RECURSION = YES;
				CLANG_WARN_INT_CONVERSION = YES;
				CLANG_WARN_NON_LITERAL_NULL_CONVERSION = YES;
				CLANG_WARN_OBJC_LITERAL_CONVERSION = YES;
				CLANG_WARN_OBJC_ROOT_CLASS = YES_ERROR;
				CLANG_WARN_RANGE_LOOP_ANALYSIS = YES;
				CLANG_WARN_STRICT_PROTOTYPES = YES;
				CLANG_WARN_SUSPICIOUS_MOVE = YES;
				CLANG_WARN_UNGUARDED_AVAILABILITY = YES_AGGRESSIVE;
				CLANG_WARN_UNREACHABLE_CODE = YES;
				CLANG_WARN__DUPLICATE_METHOD_MATCH = YES;
				CODE_SIGN_IDENTITY = "iPhone Developer";
				COPY_PHASE_STRIP = NO;
				DEBUG_INFORMATION_FORMAT = dwarf;
				ENABLE_STRICT_OBJC_MSGSEND = YES;
				ENABLE_TESTABILITY = YES;
				GCC_C_LANGUAGE_STANDARD = gnu11;
				GCC_DYNAMIC_NO_PIC = NO;
				GCC_NO_COMMON_BLOCKS = YES;
				GCC_OPTIMIZATION_LEVEL = 0;
				GCC_PREPROCESSOR_DEFINITIONS = (
					"DEBUG=1",
					"$(inherited)",
				);
				GCC_WARN_64_TO_32_BIT_CONVERSION = YES;
				GCC_WARN_ABOUT_RETURN_TYPE = YES_ERROR;
				GCC_WARN_UNDECLARED_SELECTOR = YES;
				GCC_WARN_UNINITIALIZED_AUTOS = YES_AGGRESSIVE;
				GCC_WARN_UNUSED_FUNCTION = YES;
				GCC_WARN_UNUSED_VARIABLE = YES;
				IPHONEOS_DEPLOYMENT_TARGET = 11.0;
				MTL_ENABLE_DEBUG_INFO = YES;
				ONLY_ACTIVE_ARCH = YES;
				SDKROOT = iphoneos;
				SWIFT_ACTIVE_COMPILATION_CONDITIONS = DEBUG;
				SWIFT_OPTIMIZATION_LEVEL = "-Onone";
			};
			name = Debug;
		};
		A3221F1C1F1C4D9700B7E964 /* Release */ = {
			isa = XCBuildConfiguration;
			buildSettings = {
				ALWAYS_SEARCH_USER_PATHS = NO;
				CLANG_ANALYZER_NONNULL = YES;
				CLANG_ANALYZER_NUMBER_OBJECT_CONVERSION = YES_AGGRESSIVE;
				CLANG_CXX_LANGUAGE_STANDARD = "gnu++14";
				CLANG_CXX_LIBRARY = "libc++";
				CLANG_ENABLE_MODULES = YES;
				CLANG_ENABLE_OBJC_ARC = YES;
				CLANG_WARN_BLOCK_CAPTURE_AUTORELEASING = YES;
				CLANG_WARN_BOOL_CONVERSION = YES;
				CLANG_WARN_COMMA = YES;
				CLANG_WARN_CONSTANT_CONVERSION = YES;
				CLANG_WARN_DIRECT_OBJC_ISA_USAGE = YES_ERROR;
				CLANG_WARN_DOCUMENTATION_COMMENTS = YES;
				CLANG_WARN_EMPTY_BODY = YES;
				CLANG_WARN_ENUM_CONVERSION = YES;
				CLANG_WARN_INFINITE_RECURSION = YES;
				CLANG_WARN_INT_CONVERSION = YES;
				CLANG_WARN_NON_LITERAL_NULL_CONVERSION = YES;
				CLANG_WARN_OBJC_LITERAL_CONVERSION = YES;
				CLANG_WARN_OBJC_ROOT_CLASS = YES_ERROR;
				CLANG_WARN_RANGE_LOOP_ANALYSIS = YES;
				CLANG_WARN_STRICT_PROTOTYPES = YES;
				CLANG_WARN_SUSPICIOUS_MOVE = YES;
				CLANG_WARN_UNGUARDED_AVAILABILITY = YES_AGGRESSIVE;
				CLANG_WARN_UNREACHABLE_CODE = YES;
				CLANG_WARN__DUPLICATE_METHOD_MATCH = YES;
				CODE_SIGN_IDENTITY = "iPhone Developer";
				COPY_PHASE_STRIP = NO;
				DEBUG_INFORMATION_FORMAT = "dwarf-with-dsym";
				ENABLE_NS_ASSERTIONS = NO;
				ENABLE_STRICT_OBJC_MSGSEND = YES;
				GCC_C_LANGUAGE_STANDARD = gnu11;
				GCC_NO_COMMON_BLOCKS = YES;
				GCC_WARN_64_TO_32_BIT_CONVERSION = YES;
				GCC_WARN_ABOUT_RETURN_TYPE = YES_ERROR;
				GCC_WARN_UNDECLARED_SELECTOR = YES;
				GCC_WARN_UNINITIALIZED_AUTOS = YES_AGGRESSIVE;
				GCC_WARN_UNUSED_FUNCTION = YES;
				GCC_WARN_UNUSED_VARIABLE = YES;
				IPHONEOS_DEPLOYMENT_TARGET = 11.0;
				MTL_ENABLE_DEBUG_INFO = NO;
				SDKROOT = iphoneos;
				SWIFT_OPTIMIZATION_LEVEL = "-Owholemodule";
				VALIDATE_PRODUCT = YES;
			};
			name = Release;
		};
		A3221F1E1F1C4D9700B7E964 /* Debug */ = {
			isa = XCBuildConfiguration;
			buildSettings = {
				ASSETCATALOG_COMPILER_APPICON_NAME = AppIcon;
				DEVELOPMENT_TEAM = D65U9U4CC7;
				INFOPLIST_FILE = "AR-Test/Info.plist";
				LD_RUNPATH_SEARCH_PATHS = "$(inherited) @executable_path/Frameworks";
				PRODUCT_BUNDLE_IDENTIFIER = "Devs.AR-Test";
				PRODUCT_NAME = "$(TARGET_NAME)";
				SWIFT_VERSION = 4.0;
				TARGETED_DEVICE_FAMILY = "1,2";
			};
			name = Debug;
		};
		A3221F1F1F1C4D9700B7E964 /* Release */ = {
			isa = XCBuildConfiguration;
			buildSettings = {
				ASSETCATALOG_COMPILER_APPICON_NAME = AppIcon;
				DEVELOPMENT_TEAM = D65U9U4CC7;
				INFOPLIST_FILE = "AR-Test/Info.plist";
				LD_RUNPATH_SEARCH_PATHS = "$(inherited) @executable_path/Frameworks";
				PRODUCT_BUNDLE_IDENTIFIER = "Devs.AR-Test";
				PRODUCT_NAME = "$(TARGET_NAME)";
				SWIFT_VERSION = 4.0;
				TARGETED_DEVICE_FAMILY = "1,2";
			};
			name = Release;
		};
/* End XCBuildConfiguration section */

/* Begin XCConfigurationList section */
		A3221F041F1C4D9700B7E964 /* Build configuration list for PBXProject "AR-Test" */ = {
			isa = XCConfigurationList;
			buildConfigurations = (
				A3221F1B1F1C4D9700B7E964 /* Debug */,
				A3221F1C1F1C4D9700B7E964 /* Release */,
			);
			defaultConfigurationIsVisible = 0;
			defaultConfigurationName = Release;
		};
		A3221F1D1F1C4D9700B7E964 /* Build configuration list for PBXNativeTarget "AR-Test" */ = {
			isa = XCConfigurationList;
			buildConfigurations = (
				A3221F1E1F1C4D9700B7E964 /* Debug */,
				A3221F1F1F1C4D9700B7E964 /* Release */,
			);
			defaultConfigurationIsVisible = 0;
		};
/* End XCConfigurationList section */
	};
	rootObject = A3221F011F1C4D9700B7E964 /* Project object */;
}
